// !$*UTF8*$!
{
	archiveVersion = 1;
	classes = {
	};
	objectVersion = 48;
	objects = {

/* Begin PBXBuildFile section */
		5C157C0B20C4456700F3656C /* AppDelegate.swift in Sources */ = {isa = PBXBuildFile; fileRef = 5C157C0A20C4456700F3656C /* AppDelegate.swift */; };
		5C157C0D20C4456700F3656C /* ViewController.swift in Sources */ = {isa = PBXBuildFile; fileRef = 5C157C0C20C4456700F3656C /* ViewController.swift */; };
		5C157C1020C4456700F3656C /* Main.storyboard in Resources */ = {isa = PBXBuildFile; fileRef = 5C157C0E20C4456700F3656C /* Main.storyboard */; };
		5C157C1220C4456700F3656C /* Assets.xcassets in Resources */ = {isa = PBXBuildFile; fileRef = 5C157C1120C4456700F3656C /* Assets.xcassets */; };
		5C157C1520C4456700F3656C /* LaunchScreen.storyboard in Resources */ = {isa = PBXBuildFile; fileRef = 5C157C1320C4456700F3656C /* LaunchScreen.storyboard */; };
		5C157C2020C4456700F3656C /* MusicRoomTests.swift in Sources */ = {isa = PBXBuildFile; fileRef = 5C157C1F20C4456700F3656C /* MusicRoomTests.swift */; };
		5CCA51EC20C998090001AAF1 /* RegisterPageViewController.swift in Sources */ = {isa = PBXBuildFile; fileRef = 5CCA51EB20C998090001AAF1 /* RegisterPageViewController.swift */; };
/* End PBXBuildFile section */

/* Begin PBXContainerItemProxy section */
		5C157C1C20C4456700F3656C /* PBXContainerItemProxy */ = {
			isa = PBXContainerItemProxy;
			containerPortal = 5C157BFF20C4456700F3656C /* Project object */;
			proxyType = 1;
			remoteGlobalIDString = 5C157C0620C4456700F3656C;
			remoteInfo = MusicRoom;
		};
/* End PBXContainerItemProxy section */

/* Begin PBXFileReference section */
		5C157C0720C4456700F3656C /* MusicRoom.app */ = {isa = PBXFileReference; explicitFileType = wrapper.application; includeInIndex = 0; path = MusicRoom.app; sourceTree = BUILT_PRODUCTS_DIR; };
		5C157C0A20C4456700F3656C /* AppDelegate.swift */ = {isa = PBXFileReference; lastKnownFileType = sourcecode.swift; path = AppDelegate.swift; sourceTree = "<group>"; };
		5C157C0C20C4456700F3656C /* ViewController.swift */ = {isa = PBXFileReference; lastKnownFileType = sourcecode.swift; path = ViewController.swift; sourceTree = "<group>"; };
		5C157C0F20C4456700F3656C /* Base */ = {isa = PBXFileReference; lastKnownFileType = file.storyboard; name = Base; path = Base.lproj/Main.storyboard; sourceTree = "<group>"; };
		5C157C1120C4456700F3656C /* Assets.xcassets */ = {isa = PBXFileReference; lastKnownFileType = folder.assetcatalog; path = Assets.xcassets; sourceTree = "<group>"; };
		5C157C1420C4456700F3656C /* Base */ = {isa = PBXFileReference; lastKnownFileType = file.storyboard; name = Base; path = Base.lproj/LaunchScreen.storyboard; sourceTree = "<group>"; };
		5C157C1620C4456700F3656C /* Info.plist */ = {isa = PBXFileReference; lastKnownFileType = text.plist.xml; path = Info.plist; sourceTree = "<group>"; };
		5C157C1B20C4456700F3656C /* MusicRoomTests.xctest */ = {isa = PBXFileReference; explicitFileType = wrapper.cfbundle; includeInIndex = 0; path = MusicRoomTests.xctest; sourceTree = BUILT_PRODUCTS_DIR; };
		5C157C1F20C4456700F3656C /* MusicRoomTests.swift */ = {isa = PBXFileReference; lastKnownFileType = sourcecode.swift; path = MusicRoomTests.swift; sourceTree = "<group>"; };
		5C157C2120C4456700F3656C /* Info.plist */ = {isa = PBXFileReference; lastKnownFileType = text.plist.xml; path = Info.plist; sourceTree = "<group>"; };
		5CCA51EB20C998090001AAF1 /* RegisterPageViewController.swift */ = {isa = PBXFileReference; lastKnownFileType = sourcecode.swift; path = RegisterPageViewController.swift; sourceTree = "<group>"; };
/* End PBXFileReference section */

/* Begin PBXFrameworksBuildPhase section */
		5C157C0420C4456700F3656C /* Frameworks */ = {
			isa = PBXFrameworksBuildPhase;
			buildActionMask = 2147483647;
			files = (
			);
			runOnlyForDeploymentPostprocessing = 0;
		};
		5C157C1820C4456700F3656C /* Frameworks */ = {
			isa = PBXFrameworksBuildPhase;
			buildActionMask = 2147483647;
			files = (
			);
			runOnlyForDeploymentPostprocessing = 0;
		};
/* End PBXFrameworksBuildPhase section */

/* Begin PBXGroup section */
		5C157BFE20C4456700F3656C = {
			isa = PBXGroup;
			children = (
				5C157C0920C4456700F3656C /* MusicRoom */,
				5C157C1E20C4456700F3656C /* MusicRoomTests */,
				5C157C0820C4456700F3656C /* Products */,
			);
			sourceTree = "<group>";
		};
		5C157C0820C4456700F3656C /* Products */ = {
			isa = PBXGroup;
			children = (
				5C157C0720C4456700F3656C /* MusicRoom.app */,
				5C157C1B20C4456700F3656C /* MusicRoomTests.xctest */,
			);
			name = Products;
			sourceTree = "<group>";
		};
		5C157C0920C4456700F3656C /* MusicRoom */ = {
			isa = PBXGroup;
			children = (
				5C157C0A20C4456700F3656C /* AppDelegate.swift */,
				5C157C0C20C4456700F3656C /* ViewController.swift */,
				5C157C0E20C4456700F3656C /* Main.storyboard */,
				5C157C1120C4456700F3656C /* Assets.xcassets */,
				5C157C1320C4456700F3656C /* LaunchScreen.storyboard */,
				5C157C1620C4456700F3656C /* Info.plist */,
				5CCA51EB20C998090001AAF1 /* RegisterPageViewController.swift */,
			);
			path = MusicRoom;
			sourceTree = "<group>";
		};
		5C157C1E20C4456700F3656C /* MusicRoomTests */ = {
			isa = PBXGroup;
			children = (
				5C157C1F20C4456700F3656C /* MusicRoomTests.swift */,
				5C157C2120C4456700F3656C /* Info.plist */,
			);
			path = MusicRoomTests;
			sourceTree = "<group>";
		};
/* End PBXGroup section */

/* Begin PBXNativeTarget section */
		5C157C0620C4456700F3656C /* MusicRoom */ = {
			isa = PBXNativeTarget;
			buildConfigurationList = 5C157C2420C4456700F3656C /* Build configuration list for PBXNativeTarget "MusicRoom" */;
			buildPhases = (
				5C157C0320C4456700F3656C /* Sources */,
				5C157C0420C4456700F3656C /* Frameworks */,
				5C157C0520C4456700F3656C /* Resources */,
			);
			buildRules = (
			);
			dependencies = (
			);
			name = MusicRoom;
			productName = MusicRoom;
			productReference = 5C157C0720C4456700F3656C /* MusicRoom.app */;
			productType = "com.apple.product-type.application";
		};
		5C157C1A20C4456700F3656C /* MusicRoomTests */ = {
			isa = PBXNativeTarget;
			buildConfigurationList = 5C157C2720C4456700F3656C /* Build configuration list for PBXNativeTarget "MusicRoomTests" */;
			buildPhases = (
				5C157C1720C4456700F3656C /* Sources */,
				5C157C1820C4456700F3656C /* Frameworks */,
				5C157C1920C4456700F3656C /* Resources */,
			);
			buildRules = (
			);
			dependencies = (
				5C157C1D20C4456700F3656C /* PBXTargetDependency */,
			);
			name = MusicRoomTests;
			productName = MusicRoomTests;
			productReference = 5C157C1B20C4456700F3656C /* MusicRoomTests.xctest */;
			productType = "com.apple.product-type.bundle.unit-test";
		};
/* End PBXNativeTarget section */

/* Begin PBXProject section */
		5C157BFF20C4456700F3656C /* Project object */ = {
			isa = PBXProject;
			attributes = {
				LastSwiftUpdateCheck = 0920;
				LastUpgradeCheck = 0920;
				ORGANIZATIONNAME = "Maria Aksenova";
				TargetAttributes = {
					5C157C0620C4456700F3656C = {
						CreatedOnToolsVersion = 9.2;
						ProvisioningStyle = Automatic;
					};
					5C157C1A20C4456700F3656C = {
						CreatedOnToolsVersion = 9.2;
						ProvisioningStyle = Automatic;
						TestTargetID = 5C157C0620C4456700F3656C;
					};
				};
			};
			buildConfigurationList = 5C157C0220C4456700F3656C /* Build configuration list for PBXProject "MusicRoom" */;
			compatibilityVersion = "Xcode 8.0";
			developmentRegion = en;
			hasScannedForEncodings = 0;
			knownRegions = (
				en,
				Base,
			);
			mainGroup = 5C157BFE20C4456700F3656C;
			productRefGroup = 5C157C0820C4456700F3656C /* Products */;
			projectDirPath = "";
			projectRoot = "";
			targets = (
				5C157C0620C4456700F3656C /* MusicRoom */,
				5C157C1A20C4456700F3656C /* MusicRoomTests */,
			);
		};
/* End PBXProject section */

/* Begin PBXResourcesBuildPhase section */
		5C157C0520C4456700F3656C /* Resources */ = {
			isa = PBXResourcesBuildPhase;
			buildActionMask = 2147483647;
			files = (
				5C157C1520C4456700F3656C /* LaunchScreen.storyboard in Resources */,
				5C157C1220C4456700F3656C /* Assets.xcassets in Resources */,
				5C157C1020C4456700F3656C /* Main.storyboard in Resources */,
			);
			runOnlyForDeploymentPostprocessing = 0;
		};
		5C157C1920C4456700F3656C /* Resources */ = {
			isa = PBXResourcesBuildPhase;
			buildActionMask = 2147483647;
			files = (
			);
			runOnlyForDeploymentPostprocessing = 0;
		};
/* End PBXResourcesBuildPhase section */

/* Begin PBXSourcesBuildPhase section */
		5C157C0320C4456700F3656C /* Sources */ = {
			isa = PBXSourcesBuildPhase;
			buildActionMask = 2147483647;
			files = (
				5C157C0D20C4456700F3656C /* ViewController.swift in Sources */,
				5C157C0B20C4456700F3656C /* AppDelegate.swift in Sources */,
				5CCA51EC20C998090001AAF1 /* RegisterPageViewController.swift in Sources */,
			);
			runOnlyForDeploymentPostprocessing = 0;
		};
		5C157C1720C4456700F3656C /* Sources */ = {
			isa = PBXSourcesBuildPhase;
			buildActionMask = 2147483647;
			files = (
				5C157C2020C4456700F3656C /* MusicRoomTests.swift in Sources */,
			);
			runOnlyForDeploymentPostprocessing = 0;
		};
/* End PBXSourcesBuildPhase section */

/* Begin PBXTargetDependency section */
		5C157C1D20C4456700F3656C /* PBXTargetDependency */ = {
			isa = PBXTargetDependency;
			target = 5C157C0620C4456700F3656C /* MusicRoom */;
			targetProxy = 5C157C1C20C4456700F3656C /* PBXContainerItemProxy */;
		};
/* End PBXTargetDependency section */

/* Begin PBXVariantGroup section */
		5C157C0E20C4456700F3656C /* Main.storyboard */ = {
			isa = PBXVariantGroup;
			children = (
				5C157C0F20C4456700F3656C /* Base */,
			);
			name = Main.storyboard;
			sourceTree = "<group>";
		};
		5C157C1320C4456700F3656C /* LaunchScreen.storyboard */ = {
			isa = PBXVariantGroup;
			children = (
				5C157C1420C4456700F3656C /* Base */,
			);
			name = LaunchScreen.storyboard;
			sourceTree = "<group>";
		};
/* End PBXVariantGroup section */

/* Begin XCBuildConfiguration section */
		5C157C2220C4456700F3656C /* Debug */ = {
			isa = XCBuildConfiguration;
			buildSettings = {
				ALWAYS_SEARCH_USER_PATHS = NO;
				CLANG_ANALYZER_NONNULL = YES;
				CLANG_ANALYZER_NUMBER_OBJECT_CONVERSION = YES_AGGRESSIVE;
				CLANG_CXX_LANGUAGE_STANDARD = "gnu++14";
				CLANG_CXX_LIBRARY = "libc++";
				CLANG_ENABLE_MODULES = YES;
				CLANG_ENABLE_OBJC_ARC = YES;
				CLANG_WARN_BLOCK_CAPTURE_AUTORELEASING = YES;
				CLANG_WARN_BOOL_CONVERSION = YES;
				CLANG_WARN_COMMA = YES;
				CLANG_WARN_CONSTANT_CONVERSION = YES;
				CLANG_WARN_DIRECT_OBJC_ISA_USAGE = YES_ERROR;
				CLANG_WARN_DOCUMENTATION_COMMENTS = YES;
				CLANG_WARN_EMPTY_BODY = YES;
				CLANG_WARN_ENUM_CONVERSION = YES;
				CLANG_WARN_INFINITE_RECURSION = YES;
				CLANG_WARN_INT_CONVERSION = YES;
				CLANG_WARN_NON_LITERAL_NULL_CONVERSION = YES;
				CLANG_WARN_OBJC_LITERAL_CONVERSION = YES;
				CLANG_WARN_OBJC_ROOT_CLASS = YES_ERROR;
				CLANG_WARN_RANGE_LOOP_ANALYSIS = YES;
				CLANG_WARN_STRICT_PROTOTYPES = YES;
				CLANG_WARN_SUSPICIOUS_MOVE = YES;
				CLANG_WARN_UNGUARDED_AVAILABILITY = YES_AGGRESSIVE;
				CLANG_WARN_UNREACHABLE_CODE = YES;
				CLANG_WARN__DUPLICATE_METHOD_MATCH = YES;
				CODE_SIGN_IDENTITY = "iPhone Developer";
				COPY_PHASE_STRIP = NO;
				DEBUG_INFORMATION_FORMAT = dwarf;
				ENABLE_STRICT_OBJC_MSGSEND = YES;
				ENABLE_TESTABILITY = YES;
				GCC_C_LANGUAGE_STANDARD = gnu11;
				GCC_DYNAMIC_NO_PIC = NO;
				GCC_NO_COMMON_BLOCKS = YES;
				GCC_OPTIMIZATION_LEVEL = 0;
				GCC_PREPROCESSOR_DEFINITIONS = (
					"DEBUG=1",
					"$(inherited)",
				);
				GCC_WARN_64_TO_32_BIT_CONVERSION = YES;
				GCC_WARN_ABOUT_RETURN_TYPE = YES_ERROR;
				GCC_WARN_UNDECLARED_SELECTOR = YES;
				GCC_WARN_UNINITIALIZED_AUTOS = YES_AGGRESSIVE;
				GCC_WARN_UNUSED_FUNCTION = YES;
				GCC_WARN_UNUSED_VARIABLE = YES;
				IPHONEOS_DEPLOYMENT_TARGET = 11.2;
				MTL_ENABLE_DEBUG_INFO = YES;
				ONLY_ACTIVE_ARCH = YES;
				SDKROOT = iphoneos;
				SWIFT_ACTIVE_COMPILATION_CONDITIONS = DEBUG;
				SWIFT_OPTIMIZATION_LEVEL = "-Onone";
			};
			name = Debug;
		};
		5C157C2320C4456700F3656C /* Release */ = {
			isa = XCBuildConfiguration;
			buildSettings = {
				ALWAYS_SEARCH_USER_PATHS = NO;
				CLANG_ANALYZER_NONNULL = YES;
				CLANG_ANALYZER_NUMBER_OBJECT_CONVERSION = YES_AGGRESSIVE;
				CLANG_CXX_LANGUAGE_STANDARD = "gnu++14";
				CLANG_CXX_LIBRARY = "libc++";
				CLANG_ENABLE_MODULES = YES;
				CLANG_ENABLE_OBJC_ARC = YES;
				CLANG_WARN_BLOCK_CAPTURE_AUTORELEASING = YES;
				CLANG_WARN_BOOL_CONVERSION = YES;
				CLANG_WARN_COMMA = YES;
				CLANG_WARN_CONSTANT_CONVERSION = YES;
				CLANG_WARN_DIRECT_OBJC_ISA_USAGE = YES_ERROR;
				CLANG_WARN_DOCUMENTATION_COMMENTS = YES;
				CLANG_WARN_EMPTY_BODY = YES;
				CLANG_WARN_ENUM_CONVERSION = YES;
				CLANG_WARN_INFINITE_RECURSION = YES;
				CLANG_WARN_INT_CONVERSION = YES;
				CLANG_WARN_NON_LITERAL_NULL_CONVERSION = YES;
				CLANG_WARN_OBJC_LITERAL_CONVERSION = YES;
				CLANG_WARN_OBJC_ROOT_CLASS = YES_ERROR;
				CLANG_WARN_RANGE_LOOP_ANALYSIS = YES;
				CLANG_WARN_STRICT_PROTOTYPES = YES;
				CLANG_WARN_SUSPICIOUS_MOVE = YES;
				CLANG_WARN_UNGUARDED_AVAILABILITY = YES_AGGRESSIVE;
				CLANG_WARN_UNREACHABLE_CODE = YES;
				CLANG_WARN__DUPLICATE_METHOD_MATCH = YES;
				CODE_SIGN_IDENTITY = "iPhone Developer";
				COPY_PHASE_STRIP = NO;
				DEBUG_INFORMATION_FORMAT = "dwarf-with-dsym";
				ENABLE_NS_ASSERTIONS = NO;
				ENABLE_STRICT_OBJC_MSGSEND = YES;
				GCC_C_LANGUAGE_STANDARD = gnu11;
				GCC_NO_COMMON_BLOCKS = YES;
				GCC_WARN_64_TO_32_BIT_CONVERSION = YES;
				GCC_WARN_ABOUT_RETURN_TYPE = YES_ERROR;
				GCC_WARN_UNDECLARED_SELECTOR = YES;
				GCC_WARN_UNINITIALIZED_AUTOS = YES_AGGRESSIVE;
				GCC_WARN_UNUSED_FUNCTION = YES;
				GCC_WARN_UNUSED_VARIABLE = YES;
				IPHONEOS_DEPLOYMENT_TARGET = 11.2;
				MTL_ENABLE_DEBUG_INFO = NO;
				SDKROOT = iphoneos;
				SWIFT_OPTIMIZATION_LEVEL = "-Owholemodule";
				VALIDATE_PRODUCT = YES;
			};
			name = Release;
		};
		5C157C2520C4456700F3656C /* Debug */ = {
			isa = XCBuildConfiguration;
			buildSettings = {
				ASSETCATALOG_COMPILER_APPICON_NAME = AppIcon;
				CODE_SIGN_STYLE = Automatic;
				INFOPLIST_FILE = MusicRoom/Info.plist;
				LD_RUNPATH_SEARCH_PATHS = "$(inherited) @executable_path/Frameworks";
				PRODUCT_BUNDLE_IDENTIFIER = com.example.MusicRoom;
				PRODUCT_NAME = "$(TARGET_NAME)";
				SWIFT_VERSION = 4.0;
				TARGETED_DEVICE_FAMILY = "1,2";
			};
			name = Debug;
		};
		5C157C2620C4456700F3656C /* Release */ = {
			isa = XCBuildConfiguration;
			buildSettings = {
				ASSETCATALOG_COMPILER_APPICON_NAME = AppIcon;
				CODE_SIGN_STYLE = Automatic;
				INFOPLIST_FILE = MusicRoom/Info.plist;
				LD_RUNPATH_SEARCH_PATHS = "$(inherited) @executable_path/Frameworks";
				PRODUCT_BUNDLE_IDENTIFIER = com.example.MusicRoom;
				PRODUCT_NAME = "$(TARGET_NAME)";
				SWIFT_VERSION = 4.0;
				TARGETED_DEVICE_FAMILY = "1,2";
			};
			name = Release;
		};
		5C157C2820C4456700F3656C /* Debug */ = {
			isa = XCBuildConfiguration;
			buildSettings = {
				ALWAYS_EMBED_SWIFT_STANDARD_LIBRARIES = YES;
				BUNDLE_LOADER = "$(TEST_HOST)";
				CODE_SIGN_STYLE = Automatic;
				INFOPLIST_FILE = MusicRoomTests/Info.plist;
				LD_RUNPATH_SEARCH_PATHS = "$(inherited) @executable_path/Frameworks @loader_path/Frameworks";
				PRODUCT_BUNDLE_IDENTIFIER = com.example.MusicRoomTests;
				PRODUCT_NAME = "$(TARGET_NAME)";
				SWIFT_VERSION = 4.0;
				TARGETED_DEVICE_FAMILY = "1,2";
				TEST_HOST = "$(BUILT_PRODUCTS_DIR)/MusicRoom.app/MusicRoom";
			};
			name = Debug;
		};
		5C157C2920C4456700F3656C /* Release */ = {
			isa = XCBuildConfiguration;
			buildSettings = {
				ALWAYS_EMBED_SWIFT_STANDARD_LIBRARIES = YES;
				BUNDLE_LOADER = "$(TEST_HOST)";
				CODE_SIGN_STYLE = Automatic;
				INFOPLIST_FILE = MusicRoomTests/Info.plist;
				LD_RUNPATH_SEARCH_PATHS = "$(inherited) @executable_path/Frameworks @loader_path/Frameworks";
				PRODUCT_BUNDLE_IDENTIFIER = com.example.MusicRoomTests;
				PRODUCT_NAME = "$(TARGET_NAME)";
				SWIFT_VERSION = 4.0;
				TARGETED_DEVICE_FAMILY = "1,2";
				TEST_HOST = "$(BUILT_PRODUCTS_DIR)/MusicRoom.app/MusicRoom";
			};
			name = Release;
		};
/* End XCBuildConfiguration section */

/* Begin XCConfigurationList section */
		5C157C0220C4456700F3656C /* Build configuration list for PBXProject "MusicRoom" */ = {
			isa = XCConfigurationList;
			buildConfigurations = (
				5C157C2220C4456700F3656C /* Debug */,
				5C157C2320C4456700F3656C /* Release */,
			);
			defaultConfigurationIsVisible = 0;
			defaultConfigurationName = Release;
		};
		5C157C2420C4456700F3656C /* Build configuration list for PBXNativeTarget "MusicRoom" */ = {
			isa = XCConfigurationList;
			buildConfigurations = (
				5C157C2520C4456700F3656C /* Debug */,
				5C157C2620C4456700F3656C /* Release */,
			);
			defaultConfigurationIsVisible = 0;
			defaultConfigurationName = Release;
		};
		5C157C2720C4456700F3656C /* Build configuration list for PBXNativeTarget "MusicRoomTests" */ = {
			isa = XCConfigurationList;
			buildConfigurations = (
				5C157C2820C4456700F3656C /* Debug */,
				5C157C2920C4456700F3656C /* Release */,
			);
			defaultConfigurationIsVisible = 0;
			defaultConfigurationName = Release;
		};
/* End XCConfigurationList section */
	};
	rootObject = 5C157BFF20C4456700F3656C /* Project object */;
}
